// !$*UTF8*$!
{
	archiveVersion = 1;
	classes = {
	};
	objectVersion = 52;
	objects = {

/* Begin PBXBuildFile section */
		607200962648FD6400EF125B /* AppDelegate.swift in Sources */ = {isa = PBXBuildFile; fileRef = 607200952648FD6400EF125B /* AppDelegate.swift */; };
		607200982648FD6400EF125B /* SceneDelegate.swift in Sources */ = {isa = PBXBuildFile; fileRef = 607200972648FD6400EF125B /* SceneDelegate.swift */; };
		6072009A2648FD6400EF125B /* ContentView.swift in Sources */ = {isa = PBXBuildFile; fileRef = 607200992648FD6400EF125B /* ContentView.swift */; };
		6072009D2648FD6400EF125B /* MVVMForCountry.xcdatamodeld in Sources */ = {isa = PBXBuildFile; fileRef = 6072009B2648FD6400EF125B /* MVVMForCountry.xcdatamodeld */; };
		6072009F2648FD6500EF125B /* Assets.xcassets in Resources */ = {isa = PBXBuildFile; fileRef = 6072009E2648FD6500EF125B /* Assets.xcassets */; };
		607200A22648FD6500EF125B /* Preview Assets.xcassets in Resources */ = {isa = PBXBuildFile; fileRef = 607200A12648FD6500EF125B /* Preview Assets.xcassets */; };
		607200A52648FD6500EF125B /* LaunchScreen.storyboard in Resources */ = {isa = PBXBuildFile; fileRef = 607200A32648FD6500EF125B /* LaunchScreen.storyboard */; };
		607200B02648FD6600EF125B /* MVVMForCountryTests.swift in Sources */ = {isa = PBXBuildFile; fileRef = 607200AF2648FD6600EF125B /* MVVMForCountryTests.swift */; };
		607200BB2648FD6600EF125B /* MVVMForCountryUITests.swift in Sources */ = {isa = PBXBuildFile; fileRef = 607200BA2648FD6600EF125B /* MVVMForCountryUITests.swift */; };
		607200CC264901DD00EF125B /* CoreDataHelper.swift in Sources */ = {isa = PBXBuildFile; fileRef = 607200CB264901DD00EF125B /* CoreDataHelper.swift */; };
		607200D9264904E100EF125B /* CoreDataStack.swift in Sources */ = {isa = PBXBuildFile; fileRef = 607200D8264904E100EF125B /* CoreDataStack.swift */; };
		607200E22649171200EF125B /* LazyList.swift in Sources */ = {isa = PBXBuildFile; fileRef = 607200E12649171200EF125B /* LazyList.swift */; };
		607200E726492A4200EF125B /* CcancelBag.swift in Sources */ = {isa = PBXBuildFile; fileRef = 607200E626492A4200EF125B /* CcancelBag.swift */; };
		607200EC26492B2400EF125B /* Helper.swift in Sources */ = {isa = PBXBuildFile; fileRef = 607200EB26492B2400EF125B /* Helper.swift */; };
		607200F226492CDC00EF125B /* Models.swift in Sources */ = {isa = PBXBuildFile; fileRef = 607200F126492CDC00EF125B /* Models.swift */; };
		607200FB26492E2E00EF125B /* EnvironmentOverrides in Frameworks */ = {isa = PBXBuildFile; productRef = 607200FA26492E2E00EF125B /* EnvironmentOverrides */; };
		6072010126492E7700EF125B /* ViewInspector in Frameworks */ = {isa = PBXBuildFile; productRef = 6072010026492E7700EF125B /* ViewInspector */; };
		60720106264932AA00EF125B /* Modle+CoreData.swift in Sources */ = {isa = PBXBuildFile; fileRef = 60720105264932AA00EF125B /* Modle+CoreData.swift */; };
		607202C82649545D00EF125B /* CountryListView.swift in Sources */ = {isa = PBXBuildFile; fileRef = 607202C72649545D00EF125B /* CountryListView.swift */; };
		607202D2264954E200EF125B /* ExampleApplyModel.swift in Sources */ = {isa = PBXBuildFile; fileRef = 607202D1264954E200EF125B /* ExampleApplyModel.swift */; };
		607202D8264959A900EF125B /* CountryCell.swift in Sources */ = {isa = PBXBuildFile; fileRef = 607202D7264959A900EF125B /* CountryCell.swift */; };
/* End PBXBuildFile section */

/* Begin PBXContainerItemProxy section */
		607200AC2648FD6600EF125B /* PBXContainerItemProxy */ = {
			isa = PBXContainerItemProxy;
			containerPortal = 6072008A2648FD6300EF125B /* Project object */;
			proxyType = 1;
			remoteGlobalIDString = 607200912648FD6400EF125B;
			remoteInfo = MVVMForCountry;
		};
		607200B72648FD6600EF125B /* PBXContainerItemProxy */ = {
			isa = PBXContainerItemProxy;
			containerPortal = 6072008A2648FD6300EF125B /* Project object */;
			proxyType = 1;
			remoteGlobalIDString = 607200912648FD6400EF125B;
			remoteInfo = MVVMForCountry;
		};
/* End PBXContainerItemProxy section */

/* Begin PBXFileReference section */
		607200922648FD6400EF125B /* MVVMForCountry.app */ = {isa = PBXFileReference; explicitFileType = wrapper.application; includeInIndex = 0; path = MVVMForCountry.app; sourceTree = BUILT_PRODUCTS_DIR; };
		607200952648FD6400EF125B /* AppDelegate.swift */ = {isa = PBXFileReference; lastKnownFileType = sourcecode.swift; path = AppDelegate.swift; sourceTree = "<group>"; };
		607200972648FD6400EF125B /* SceneDelegate.swift */ = {isa = PBXFileReference; lastKnownFileType = sourcecode.swift; path = SceneDelegate.swift; sourceTree = "<group>"; };
		607200992648FD6400EF125B /* ContentView.swift */ = {isa = PBXFileReference; lastKnownFileType = sourcecode.swift; path = ContentView.swift; sourceTree = "<group>"; };
		6072009C2648FD6400EF125B /* MVVMForCountry.xcdatamodel */ = {isa = PBXFileReference; lastKnownFileType = wrapper.xcdatamodel; path = MVVMForCountry.xcdatamodel; sourceTree = "<group>"; };
		6072009E2648FD6500EF125B /* Assets.xcassets */ = {isa = PBXFileReference; lastKnownFileType = folder.assetcatalog; path = Assets.xcassets; sourceTree = "<group>"; };
		607200A12648FD6500EF125B /* Preview Assets.xcassets */ = {isa = PBXFileReference; lastKnownFileType = folder.assetcatalog; path = "Preview Assets.xcassets"; sourceTree = "<group>"; };
		607200A42648FD6500EF125B /* Base */ = {isa = PBXFileReference; lastKnownFileType = file.storyboard; name = Base; path = Base.lproj/LaunchScreen.storyboard; sourceTree = "<group>"; };
		607200A62648FD6500EF125B /* Info.plist */ = {isa = PBXFileReference; lastKnownFileType = text.plist.xml; path = Info.plist; sourceTree = "<group>"; };
		607200AB2648FD6600EF125B /* MVVMForCountryTests.xctest */ = {isa = PBXFileReference; explicitFileType = wrapper.cfbundle; includeInIndex = 0; path = MVVMForCountryTests.xctest; sourceTree = BUILT_PRODUCTS_DIR; };
		607200AF2648FD6600EF125B /* MVVMForCountryTests.swift */ = {isa = PBXFileReference; lastKnownFileType = sourcecode.swift; path = MVVMForCountryTests.swift; sourceTree = "<group>"; };
		607200B12648FD6600EF125B /* Info.plist */ = {isa = PBXFileReference; lastKnownFileType = text.plist.xml; path = Info.plist; sourceTree = "<group>"; };
		607200B62648FD6600EF125B /* MVVMForCountryUITests.xctest */ = {isa = PBXFileReference; explicitFileType = wrapper.cfbundle; includeInIndex = 0; path = MVVMForCountryUITests.xctest; sourceTree = BUILT_PRODUCTS_DIR; };
		607200BA2648FD6600EF125B /* MVVMForCountryUITests.swift */ = {isa = PBXFileReference; lastKnownFileType = sourcecode.swift; path = MVVMForCountryUITests.swift; sourceTree = "<group>"; };
		607200BC2648FD6600EF125B /* Info.plist */ = {isa = PBXFileReference; lastKnownFileType = text.plist.xml; path = Info.plist; sourceTree = "<group>"; };
		607200CB264901DD00EF125B /* CoreDataHelper.swift */ = {isa = PBXFileReference; lastKnownFileType = sourcecode.swift; path = CoreDataHelper.swift; sourceTree = "<group>"; };
		607200D8264904E100EF125B /* CoreDataStack.swift */ = {isa = PBXFileReference; lastKnownFileType = sourcecode.swift; path = CoreDataStack.swift; sourceTree = "<group>"; };
		607200E12649171200EF125B /* LazyList.swift */ = {isa = PBXFileReference; lastKnownFileType = sourcecode.swift; path = LazyList.swift; sourceTree = "<group>"; };
		607200E626492A4200EF125B /* CcancelBag.swift */ = {isa = PBXFileReference; lastKnownFileType = sourcecode.swift; path = CcancelBag.swift; sourceTree = "<group>"; };
		607200EB26492B2400EF125B /* Helper.swift */ = {isa = PBXFileReference; lastKnownFileType = sourcecode.swift; path = Helper.swift; sourceTree = "<group>"; };
		607200F126492CDC00EF125B /* Models.swift */ = {isa = PBXFileReference; lastKnownFileType = sourcecode.swift; path = Models.swift; sourceTree = "<group>"; };
		60720105264932AA00EF125B /* Modle+CoreData.swift */ = {isa = PBXFileReference; lastKnownFileType = sourcecode.swift; path = "Modle+CoreData.swift"; sourceTree = "<group>"; };
		607202C72649545D00EF125B /* CountryListView.swift */ = {isa = PBXFileReference; lastKnownFileType = sourcecode.swift; path = CountryListView.swift; sourceTree = "<group>"; };
		607202D1264954E200EF125B /* ExampleApplyModel.swift */ = {isa = PBXFileReference; lastKnownFileType = sourcecode.swift; path = ExampleApplyModel.swift; sourceTree = "<group>"; };
		607202D7264959A900EF125B /* CountryCell.swift */ = {isa = PBXFileReference; lastKnownFileType = sourcecode.swift; path = CountryCell.swift; sourceTree = "<group>"; };
/* End PBXFileReference section */

/* Begin PBXFrameworksBuildPhase section */
		6072008F2648FD6400EF125B /* Frameworks */ = {
			isa = PBXFrameworksBuildPhase;
			buildActionMask = 2147483647;
			files = (
				607200FB26492E2E00EF125B /* EnvironmentOverrides in Frameworks */,
				6072010126492E7700EF125B /* ViewInspector in Frameworks */,
			);
			runOnlyForDeploymentPostprocessing = 0;
		};
		607200A82648FD6600EF125B /* Frameworks */ = {
			isa = PBXFrameworksBuildPhase;
			buildActionMask = 2147483647;
			files = (
			);
			runOnlyForDeploymentPostprocessing = 0;
		};
		607200B32648FD6600EF125B /* Frameworks */ = {
			isa = PBXFrameworksBuildPhase;
			buildActionMask = 2147483647;
			files = (
			);
			runOnlyForDeploymentPostprocessing = 0;
		};
/* End PBXFrameworksBuildPhase section */

/* Begin PBXGroup section */
		607200892648FD6300EF125B = {
			isa = PBXGroup;
			children = (
				607200942648FD6400EF125B /* MVVMForCountry */,
				607200AE2648FD6600EF125B /* MVVMForCountryTests */,
				607200B92648FD6600EF125B /* MVVMForCountryUITests */,
				607200932648FD6400EF125B /* Products */,
			);
			sourceTree = "<group>";
		};
		607200932648FD6400EF125B /* Products */ = {
			isa = PBXGroup;
			children = (
				607200922648FD6400EF125B /* MVVMForCountry.app */,
				607200AB2648FD6600EF125B /* MVVMForCountryTests.xctest */,
				607200B62648FD6600EF125B /* MVVMForCountryUITests.xctest */,
			);
			name = Products;
			sourceTree = "<group>";
		};
		607200942648FD6400EF125B /* MVVMForCountry */ = {
			isa = PBXGroup;
			children = (
				607202CD2649548600EF125B /* MainClass */,
				607202CC2649546600EF125B /* Helper */,
				607202C62649543A00EF125B /* UI */,
				607200F026492CA000EF125B /* Model */,
				607200DD2649102D00EF125B /* Db */,
				6072009E2648FD6500EF125B /* Assets.xcassets */,
				607200A32648FD6500EF125B /* LaunchScreen.storyboard */,
				607200A62648FD6500EF125B /* Info.plist */,
				607200A02648FD6500EF125B /* Preview Content */,
			);
			path = MVVMForCountry;
			sourceTree = "<group>";
		};
		607200A02648FD6500EF125B /* Preview Content */ = {
			isa = PBXGroup;
			children = (
				607200A12648FD6500EF125B /* Preview Assets.xcassets */,
			);
			path = "Preview Content";
			sourceTree = "<group>";
		};
		607200AE2648FD6600EF125B /* MVVMForCountryTests */ = {
			isa = PBXGroup;
			children = (
				607200AF2648FD6600EF125B /* MVVMForCountryTests.swift */,
				607200B12648FD6600EF125B /* Info.plist */,
			);
			path = MVVMForCountryTests;
			sourceTree = "<group>";
		};
		607200B92648FD6600EF125B /* MVVMForCountryUITests */ = {
			isa = PBXGroup;
			children = (
				607200BA2648FD6600EF125B /* MVVMForCountryUITests.swift */,
				607200BC2648FD6600EF125B /* Info.plist */,
			);
			path = MVVMForCountryUITests;
			sourceTree = "<group>";
		};
		607200DD2649102D00EF125B /* Db */ = {
			isa = PBXGroup;
			children = (
				6072009B2648FD6400EF125B /* MVVMForCountry.xcdatamodeld */,
				607200CB264901DD00EF125B /* CoreDataHelper.swift */,
				607200D8264904E100EF125B /* CoreDataStack.swift */,
			);
			path = Db;
			sourceTree = "<group>";
		};
		607200F026492CA000EF125B /* Model */ = {
			isa = PBXGroup;
			children = (
				607200F126492CDC00EF125B /* Models.swift */,
				60720105264932AA00EF125B /* Modle+CoreData.swift */,
				607202D1264954E200EF125B /* ExampleApplyModel.swift */,
			);
			path = Model;
			sourceTree = "<group>";
		};
		607202C62649543A00EF125B /* UI */ = {
			isa = PBXGroup;
			children = (
				607202D62649598200EF125B /* Component */,
				607200992648FD6400EF125B /* ContentView.swift */,
				607202C72649545D00EF125B /* CountryListView.swift */,
			);
			path = UI;
			sourceTree = "<group>";
		};
		607202CC2649546600EF125B /* Helper */ = {
			isa = PBXGroup;
			children = (
				607200E12649171200EF125B /* LazyList.swift */,
				607200E626492A4200EF125B /* CcancelBag.swift */,
				607200EB26492B2400EF125B /* Helper.swift */,
			);
			path = Helper;
			sourceTree = "<group>";
		};
		607202CD2649548600EF125B /* MainClass */ = {
			isa = PBXGroup;
			children = (
				607200952648FD6400EF125B /* AppDelegate.swift */,
				607200972648FD6400EF125B /* SceneDelegate.swift */,
			);
			path = MainClass;
			sourceTree = "<group>";
		};
		607202D62649598200EF125B /* Component */ = {
			isa = PBXGroup;
			children = (
				607202D7264959A900EF125B /* CountryCell.swift */,
			);
			path = Component;
			sourceTree = "<group>";
		};
/* End PBXGroup section */

/* Begin PBXNativeTarget section */
		607200912648FD6400EF125B /* MVVMForCountry */ = {
			isa = PBXNativeTarget;
			buildConfigurationList = 607200BF2648FD6600EF125B /* Build configuration list for PBXNativeTarget "MVVMForCountry" */;
			buildPhases = (
				6072008E2648FD6400EF125B /* Sources */,
				6072008F2648FD6400EF125B /* Frameworks */,
				607200902648FD6400EF125B /* Resources */,
			);
			buildRules = (
			);
			dependencies = (
			);
			name = MVVMForCountry;
			packageProductDependencies = (
				607200FA26492E2E00EF125B /* EnvironmentOverrides */,
				6072010026492E7700EF125B /* ViewInspector */,
			);
			productName = MVVMForCountry;
			productReference = 607200922648FD6400EF125B /* MVVMForCountry.app */;
			productType = "com.apple.product-type.application";
		};
		607200AA2648FD6600EF125B /* MVVMForCountryTests */ = {
			isa = PBXNativeTarget;
			buildConfigurationList = 607200C22648FD6600EF125B /* Build configuration list for PBXNativeTarget "MVVMForCountryTests" */;
			buildPhases = (
				607200A72648FD6600EF125B /* Sources */,
				607200A82648FD6600EF125B /* Frameworks */,
				607200A92648FD6600EF125B /* Resources */,
			);
			buildRules = (
			);
			dependencies = (
				607200AD2648FD6600EF125B /* PBXTargetDependency */,
			);
			name = MVVMForCountryTests;
			productName = MVVMForCountryTests;
			productReference = 607200AB2648FD6600EF125B /* MVVMForCountryTests.xctest */;
			productType = "com.apple.product-type.bundle.unit-test";
		};
		607200B52648FD6600EF125B /* MVVMForCountryUITests */ = {
			isa = PBXNativeTarget;
			buildConfigurationList = 607200C52648FD6600EF125B /* Build configuration list for PBXNativeTarget "MVVMForCountryUITests" */;
			buildPhases = (
				607200B22648FD6600EF125B /* Sources */,
				607200B32648FD6600EF125B /* Frameworks */,
				607200B42648FD6600EF125B /* Resources */,
			);
			buildRules = (
			);
			dependencies = (
				607200B82648FD6600EF125B /* PBXTargetDependency */,
			);
			name = MVVMForCountryUITests;
			productName = MVVMForCountryUITests;
			productReference = 607200B62648FD6600EF125B /* MVVMForCountryUITests.xctest */;
			productType = "com.apple.product-type.bundle.ui-testing";
		};
/* End PBXNativeTarget section */

/* Begin PBXProject section */
		6072008A2648FD6300EF125B /* Project object */ = {
			isa = PBXProject;
			attributes = {
				LastSwiftUpdateCheck = 1210;
				LastUpgradeCheck = 1210;
				TargetAttributes = {
					607200912648FD6400EF125B = {
						CreatedOnToolsVersion = 12.1;
					};
					607200AA2648FD6600EF125B = {
						CreatedOnToolsVersion = 12.1;
						TestTargetID = 607200912648FD6400EF125B;
					};
					607200B52648FD6600EF125B = {
						CreatedOnToolsVersion = 12.1;
						TestTargetID = 607200912648FD6400EF125B;
					};
				};
			};
			buildConfigurationList = 6072008D2648FD6300EF125B /* Build configuration list for PBXProject "MVVMForCountry" */;
			compatibilityVersion = "Xcode 9.3";
			developmentRegion = en;
			hasScannedForEncodings = 0;
			knownRegions = (
				en,
				Base,
			);
			mainGroup = 607200892648FD6300EF125B;
			packageReferences = (
				607200F926492E2E00EF125B /* XCRemoteSwiftPackageReference "EnvironmentOverrides" */,
				607200FF26492E7700EF125B /* XCRemoteSwiftPackageReference "ViewInspector" */,
			);
			productRefGroup = 607200932648FD6400EF125B /* Products */;
			projectDirPath = "";
			projectRoot = "";
			targets = (
				607200912648FD6400EF125B /* MVVMForCountry */,
				607200AA2648FD6600EF125B /* MVVMForCountryTests */,
				607200B52648FD6600EF125B /* MVVMForCountryUITests */,
			);
		};
/* End PBXProject section */

/* Begin PBXResourcesBuildPhase section */
		607200902648FD6400EF125B /* Resources */ = {
			isa = PBXResourcesBuildPhase;
			buildActionMask = 2147483647;
			files = (
				607200A52648FD6500EF125B /* LaunchScreen.storyboard in Resources */,
				607200A22648FD6500EF125B /* Preview Assets.xcassets in Resources */,
				6072009F2648FD6500EF125B /* Assets.xcassets in Resources */,
			);
			runOnlyForDeploymentPostprocessing = 0;
		};
		607200A92648FD6600EF125B /* Resources */ = {
			isa = PBXResourcesBuildPhase;
			buildActionMask = 2147483647;
			files = (
			);
			runOnlyForDeploymentPostprocessing = 0;
		};
		607200B42648FD6600EF125B /* Resources */ = {
			isa = PBXResourcesBuildPhase;
			buildActionMask = 2147483647;
			files = (
			);
			runOnlyForDeploymentPostprocessing = 0;
		};
/* End PBXResourcesBuildPhase section */

/* Begin PBXSourcesBuildPhase section */
		6072008E2648FD6400EF125B /* Sources */ = {
			isa = PBXSourcesBuildPhase;
			buildActionMask = 2147483647;
			files = (
				607200CC264901DD00EF125B /* CoreDataHelper.swift in Sources */,
				6072009D2648FD6400EF125B /* MVVMForCountry.xcdatamodeld in Sources */,
				607200962648FD6400EF125B /* AppDelegate.swift in Sources */,
				607200D9264904E100EF125B /* CoreDataStack.swift in Sources */,
				607200982648FD6400EF125B /* SceneDelegate.swift in Sources */,
				607200EC26492B2400EF125B /* Helper.swift in Sources */,
				607202D8264959A900EF125B /* CountryCell.swift in Sources */,
				607200E22649171200EF125B /* LazyList.swift in Sources */,
				607200E726492A4200EF125B /* CcancelBag.swift in Sources */,
				6072009A2648FD6400EF125B /* ContentView.swift in Sources */,
				607202D2264954E200EF125B /* ExampleApplyModel.swift in Sources */,
				607200F226492CDC00EF125B /* Models.swift in Sources */,
				60720106264932AA00EF125B /* Modle+CoreData.swift in Sources */,
				607202C82649545D00EF125B /* CountryListView.swift in Sources */,
			);
			runOnlyForDeploymentPostprocessing = 0;
		};
		607200A72648FD6600EF125B /* Sources */ = {
			isa = PBXSourcesBuildPhase;
			buildActionMask = 2147483647;
			files = (
				607200B02648FD6600EF125B /* MVVMForCountryTests.swift in Sources */,
			);
			runOnlyForDeploymentPostprocessing = 0;
		};
		607200B22648FD6600EF125B /* Sources */ = {
			isa = PBXSourcesBuildPhase;
			buildActionMask = 2147483647;
			files = (
				607200BB2648FD6600EF125B /* MVVMForCountryUITests.swift in Sources */,
			);
			runOnlyForDeploymentPostprocessing = 0;
		};
/* End PBXSourcesBuildPhase section */

/* Begin PBXTargetDependency section */
		607200AD2648FD6600EF125B /* PBXTargetDependency */ = {
			isa = PBXTargetDependency;
			target = 607200912648FD6400EF125B /* MVVMForCountry */;
			targetProxy = 607200AC2648FD6600EF125B /* PBXContainerItemProxy */;
		};
		607200B82648FD6600EF125B /* PBXTargetDependency */ = {
			isa = PBXTargetDependency;
			target = 607200912648FD6400EF125B /* MVVMForCountry */;
			targetProxy = 607200B72648FD6600EF125B /* PBXContainerItemProxy */;
		};
/* End PBXTargetDependency section */

/* Begin PBXVariantGroup section */
		607200A32648FD6500EF125B /* LaunchScreen.storyboard */ = {
			isa = PBXVariantGroup;
			children = (
				607200A42648FD6500EF125B /* Base */,
			);
			name = LaunchScreen.storyboard;
			sourceTree = "<group>";
		};
/* End PBXVariantGroup section */

/* Begin XCBuildConfiguration section */
		607200BD2648FD6600EF125B /* Debug */ = {
			isa = XCBuildConfiguration;
			buildSettings = {
				ALWAYS_SEARCH_USER_PATHS = NO;
				CLANG_ANALYZER_NONNULL = YES;
				CLANG_ANALYZER_NUMBER_OBJECT_CONVERSION = YES_AGGRESSIVE;
				CLANG_CXX_LANGUAGE_STANDARD = "gnu++14";
				CLANG_CXX_LIBRARY = "libc++";
				CLANG_ENABLE_MODULES = YES;
				CLANG_ENABLE_OBJC_ARC = YES;
				CLANG_ENABLE_OBJC_WEAK = YES;
				CLANG_WARN_BLOCK_CAPTURE_AUTORELEASING = YES;
				CLANG_WARN_BOOL_CONVERSION = YES;
				CLANG_WARN_COMMA = YES;
				CLANG_WARN_CONSTANT_CONVERSION = YES;
				CLANG_WARN_DEPRECATED_OBJC_IMPLEMENTATIONS = YES;
				CLANG_WARN_DIRECT_OBJC_ISA_USAGE = YES_ERROR;
				CLANG_WARN_DOCUMENTATION_COMMENTS = YES;
				CLANG_WARN_EMPTY_BODY = YES;
				CLANG_WARN_ENUM_CONVERSION = YES;
				CLANG_WARN_INFINITE_RECURSION = YES;
				CLANG_WARN_INT_CONVERSION = YES;
				CLANG_WARN_NON_LITERAL_NULL_CONVERSION = YES;
				CLANG_WARN_OBJC_IMPLICIT_RETAIN_SELF = YES;
				CLANG_WARN_OBJC_LITERAL_CONVERSION = YES;
				CLANG_WARN_OBJC_ROOT_CLASS = YES_ERROR;
				CLANG_WARN_QUOTED_INCLUDE_IN_FRAMEWORK_HEADER = YES;
				CLANG_WARN_RANGE_LOOP_ANALYSIS = YES;
				CLANG_WARN_STRICT_PROTOTYPES = YES;
				CLANG_WARN_SUSPICIOUS_MOVE = YES;
				CLANG_WARN_UNGUARDED_AVAILABILITY = YES_AGGRESSIVE;
				CLANG_WARN_UNREACHABLE_CODE = YES;
				CLANG_WARN__DUPLICATE_METHOD_MATCH = YES;
				COPY_PHASE_STRIP = NO;
				DEBUG_INFORMATION_FORMAT = dwarf;
				ENABLE_STRICT_OBJC_MSGSEND = YES;
				ENABLE_TESTABILITY = YES;
				GCC_C_LANGUAGE_STANDARD = gnu11;
				GCC_DYNAMIC_NO_PIC = NO;
				GCC_NO_COMMON_BLOCKS = YES;
				GCC_OPTIMIZATION_LEVEL = 0;
				GCC_PREPROCESSOR_DEFINITIONS = (
					"DEBUG=1",
					"$(inherited)",
				);
				GCC_WARN_64_TO_32_BIT_CONVERSION = YES;
				GCC_WARN_ABOUT_RETURN_TYPE = YES_ERROR;
				GCC_WARN_UNDECLARED_SELECTOR = YES;
				GCC_WARN_UNINITIALIZED_AUTOS = YES_AGGRESSIVE;
				GCC_WARN_UNUSED_FUNCTION = YES;
				GCC_WARN_UNUSED_VARIABLE = YES;
				IPHONEOS_DEPLOYMENT_TARGET = 14.1;
				MTL_ENABLE_DEBUG_INFO = INCLUDE_SOURCE;
				MTL_FAST_MATH = YES;
				ONLY_ACTIVE_ARCH = YES;
				SDKROOT = iphoneos;
				SWIFT_ACTIVE_COMPILATION_CONDITIONS = DEBUG;
				SWIFT_OPTIMIZATION_LEVEL = "-Onone";
			};
			name = Debug;
		};
		607200BE2648FD6600EF125B /* Release */ = {
			isa = XCBuildConfiguration;
			buildSettings = {
				ALWAYS_SEARCH_USER_PATHS = NO;
				CLANG_ANALYZER_NONNULL = YES;
				CLANG_ANALYZER_NUMBER_OBJECT_CONVERSION = YES_AGGRESSIVE;
				CLANG_CXX_LANGUAGE_STANDARD = "gnu++14";
				CLANG_CXX_LIBRARY = "libc++";
				CLANG_ENABLE_MODULES = YES;
				CLANG_ENABLE_OBJC_ARC = YES;
				CLANG_ENABLE_OBJC_WEAK = YES;
				CLANG_WARN_BLOCK_CAPTURE_AUTORELEASING = YES;
				CLANG_WARN_BOOL_CONVERSION = YES;
				CLANG_WARN_COMMA = YES;
				CLANG_WARN_CONSTANT_CONVERSION = YES;
				CLANG_WARN_DEPRECATED_OBJC_IMPLEMENTATIONS = YES;
				CLANG_WARN_DIRECT_OBJC_ISA_USAGE = YES_ERROR;
				CLANG_WARN_DOCUMENTATION_COMMENTS = YES;
				CLANG_WARN_EMPTY_BODY = YES;
				CLANG_WARN_ENUM_CONVERSION = YES;
				CLANG_WARN_INFINITE_RECURSION = YES;
				CLANG_WARN_INT_CONVERSION = YES;
				CLANG_WARN_NON_LITERAL_NULL_CONVERSION = YES;
				CLANG_WARN_OBJC_IMPLICIT_RETAIN_SELF = YES;
				CLANG_WARN_OBJC_LITERAL_CONVERSION = YES;
				CLANG_WARN_OBJC_ROOT_CLASS = YES_ERROR;
				CLANG_WARN_QUOTED_INCLUDE_IN_FRAMEWORK_HEADER = YES;
				CLANG_WARN_RANGE_LOOP_ANALYSIS = YES;
				CLANG_WARN_STRICT_PROTOTYPES = YES;
				CLANG_WARN_SUSPICIOUS_MOVE = YES;
				CLANG_WARN_UNGUARDED_AVAILABILITY = YES_AGGRESSIVE;
				CLANG_WARN_UNREACHABLE_CODE = YES;
				CLANG_WARN__DUPLICATE_METHOD_MATCH = YES;
				COPY_PHASE_STRIP = NO;
				DEBUG_INFORMATION_FORMAT = "dwarf-with-dsym";
				ENABLE_NS_ASSERTIONS = NO;
				ENABLE_STRICT_OBJC_MSGSEND = YES;
				GCC_C_LANGUAGE_STANDARD = gnu11;
				GCC_NO_COMMON_BLOCKS = YES;
				GCC_WARN_64_TO_32_BIT_CONVERSION = YES;
				GCC_WARN_ABOUT_RETURN_TYPE = YES_ERROR;
				GCC_WARN_UNDECLARED_SELECTOR = YES;
				GCC_WARN_UNINITIALIZED_AUTOS = YES_AGGRESSIVE;
				GCC_WARN_UNUSED_FUNCTION = YES;
				GCC_WARN_UNUSED_VARIABLE = YES;
				IPHONEOS_DEPLOYMENT_TARGET = 14.1;
				MTL_ENABLE_DEBUG_INFO = NO;
				MTL_FAST_MATH = YES;
				SDKROOT = iphoneos;
				SWIFT_COMPILATION_MODE = wholemodule;
				SWIFT_OPTIMIZATION_LEVEL = "-O";
				VALIDATE_PRODUCT = YES;
			};
			name = Release;
		};
		607200C02648FD6600EF125B /* Debug */ = {
			isa = XCBuildConfiguration;
			buildSettings = {
				ASSETCATALOG_COMPILER_APPICON_NAME = AppIcon;
				ASSETCATALOG_COMPILER_GLOBAL_ACCENT_COLOR_NAME = AccentColor;
				CODE_SIGN_STYLE = Automatic;
				DEVELOPMENT_ASSET_PATHS = "\"MVVMForCountry/Preview Content\"";
				DEVELOPMENT_TEAM = DD73F8592Z;
				ENABLE_PREVIEWS = YES;
				INFOPLIST_FILE = MVVMForCountry/Info.plist;
				LD_RUNPATH_SEARCH_PATHS = (
					"$(inherited)",
					"@executable_path/Frameworks",
				);
				PRODUCT_BUNDLE_IDENTIFIER = knoxpo.MVVMForCountry;
				PRODUCT_NAME = "$(TARGET_NAME)";
				SWIFT_VERSION = 5.0;
				TARGETED_DEVICE_FAMILY = "1,2";
			};
			name = Debug;
		};
		607200C12648FD6600EF125B /* Release */ = {
			isa = XCBuildConfiguration;
			buildSettings = {
				ASSETCATALOG_COMPILER_APPICON_NAME = AppIcon;
				ASSETCATALOG_COMPILER_GLOBAL_ACCENT_COLOR_NAME = AccentColor;
				CODE_SIGN_STYLE = Automatic;
				DEVELOPMENT_ASSET_PATHS = "\"MVVMForCountry/Preview Content\"";
				DEVELOPMENT_TEAM = DD73F8592Z;
				ENABLE_PREVIEWS = YES;
				INFOPLIST_FILE = MVVMForCountry/Info.plist;
				LD_RUNPATH_SEARCH_PATHS = (
					"$(inherited)",
					"@executable_path/Frameworks",
				);
				PRODUCT_BUNDLE_IDENTIFIER = knoxpo.MVVMForCountry;
				PRODUCT_NAME = "$(TARGET_NAME)";
				SWIFT_VERSION = 5.0;
				TARGETED_DEVICE_FAMILY = "1,2";
			};
			name = Release;
		};
		607200C32648FD6600EF125B /* Debug */ = {
			isa = XCBuildConfiguration;
			buildSettings = {
				ALWAYS_EMBED_SWIFT_STANDARD_LIBRARIES = YES;
				BUNDLE_LOADER = "$(TEST_HOST)";
				CODE_SIGN_STYLE = Automatic;
				DEVELOPMENT_TEAM = DD73F8592Z;
				INFOPLIST_FILE = MVVMForCountryTests/Info.plist;
				IPHONEOS_DEPLOYMENT_TARGET = 14.1;
				LD_RUNPATH_SEARCH_PATHS = (
					"$(inherited)",
					"@executable_path/Frameworks",
					"@loader_path/Frameworks",
				);
				PRODUCT_BUNDLE_IDENTIFIER = knoxpo.MVVMForCountryTests;
				PRODUCT_NAME = "$(TARGET_NAME)";
				SWIFT_VERSION = 5.0;
				TARGETED_DEVICE_FAMILY = "1,2";
				TEST_HOST = "$(BUILT_PRODUCTS_DIR)/MVVMForCountry.app/MVVMForCountry";
			};
			name = Debug;
		};
		607200C42648FD6600EF125B /* Release */ = {
			isa = XCBuildConfiguration;
			buildSettings = {
				ALWAYS_EMBED_SWIFT_STANDARD_LIBRARIES = YES;
				BUNDLE_LOADER = "$(TEST_HOST)";
				CODE_SIGN_STYLE = Automatic;
				DEVELOPMENT_TEAM = DD73F8592Z;
				INFOPLIST_FILE = MVVMForCountryTests/Info.plist;
				IPHONEOS_DEPLOYMENT_TARGET = 14.1;
				LD_RUNPATH_SEARCH_PATHS = (
					"$(inherited)",
					"@executable_path/Frameworks",
					"@loader_path/Frameworks",
				);
				PRODUCT_BUNDLE_IDENTIFIER = knoxpo.MVVMForCountryTests;
				PRODUCT_NAME = "$(TARGET_NAME)";
				SWIFT_VERSION = 5.0;
				TARGETED_DEVICE_FAMILY = "1,2";
				TEST_HOST = "$(BUILT_PRODUCTS_DIR)/MVVMForCountry.app/MVVMForCountry";
			};
			name = Release;
		};
		607200C62648FD6600EF125B /* Debug */ = {
			isa = XCBuildConfiguration;
			buildSettings = {
				ALWAYS_EMBED_SWIFT_STANDARD_LIBRARIES = YES;
				CODE_SIGN_STYLE = Automatic;
				DEVELOPMENT_TEAM = DD73F8592Z;
				INFOPLIST_FILE = MVVMForCountryUITests/Info.plist;
				LD_RUNPATH_SEARCH_PATHS = (
					"$(inherited)",
					"@executable_path/Frameworks",
					"@loader_path/Frameworks",
				);
				PRODUCT_BUNDLE_IDENTIFIER = knoxpo.MVVMForCountryUITests;
				PRODUCT_NAME = "$(TARGET_NAME)";
				SWIFT_VERSION = 5.0;
				TARGETED_DEVICE_FAMILY = "1,2";
				TEST_TARGET_NAME = MVVMForCountry;
			};
			name = Debug;
		};
		607200C72648FD6600EF125B /* Release */ = {
			isa = XCBuildConfiguration;
			buildSettings = {
				ALWAYS_EMBED_SWIFT_STANDARD_LIBRARIES = YES;
				CODE_SIGN_STYLE = Automatic;
				DEVELOPMENT_TEAM = DD73F8592Z;
				INFOPLIST_FILE = MVVMForCountryUITests/Info.plist;
				LD_RUNPATH_SEARCH_PATHS = (
					"$(inherited)",
					"@executable_path/Frameworks",
					"@loader_path/Frameworks",
				);
				PRODUCT_BUNDLE_IDENTIFIER = knoxpo.MVVMForCountryUITests;
				PRODUCT_NAME = "$(TARGET_NAME)";
				SWIFT_VERSION = 5.0;
				TARGETED_DEVICE_FAMILY = "1,2";
				TEST_TARGET_NAME = MVVMForCountry;
			};
			name = Release;
		};
/* End XCBuildConfiguration section */

/* Begin XCConfigurationList section */
		6072008D2648FD6300EF125B /* Build configuration list for PBXProject "MVVMForCountry" */ = {
			isa = XCConfigurationList;
			buildConfigurations = (
				607200BD2648FD6600EF125B /* Debug */,
				607200BE2648FD6600EF125B /* Release */,
			);
			defaultConfigurationIsVisible = 0;
			defaultConfigurationName = Release;
		};
		607200BF2648FD6600EF125B /* Build configuration list for PBXNativeTarget "MVVMForCountry" */ = {
			isa = XCConfigurationList;
			buildConfigurations = (
				607200C02648FD6600EF125B /* Debug */,
				607200C12648FD6600EF125B /* Release */,
			);
			defaultConfigurationIsVisible = 0;
			defaultConfigurationName = Release;
		};
		607200C22648FD6600EF125B /* Build configuration list for PBXNativeTarget "MVVMForCountryTests" */ = {
			isa = XCConfigurationList;
			buildConfigurations = (
				607200C32648FD6600EF125B /* Debug */,
				607200C42648FD6600EF125B /* Release */,
			);
			defaultConfigurationIsVisible = 0;
			defaultConfigurationName = Release;
		};
		607200C52648FD6600EF125B /* Build configuration list for PBXNativeTarget "MVVMForCountryUITests" */ = {
			isa = XCConfigurationList;
			buildConfigurations = (
				607200C62648FD6600EF125B /* Debug */,
				607200C72648FD6600EF125B /* Release */,
			);
			defaultConfigurationIsVisible = 0;
			defaultConfigurationName = Release;
		};
/* End XCConfigurationList section */

/* Begin XCRemoteSwiftPackageReference section */
		607200F926492E2E00EF125B /* XCRemoteSwiftPackageReference "EnvironmentOverrides" */ = {
			isa = XCRemoteSwiftPackageReference;
			repositoryURL = "https://github.com/nalexn/EnvironmentOverrides.git";
			requirement = {
				kind = upToNextMajorVersion;
				minimumVersion = 0.0.3;
			};
		};
		607200FF26492E7700EF125B /* XCRemoteSwiftPackageReference "ViewInspector" */ = {
			isa = XCRemoteSwiftPackageReference;
			repositoryURL = "https://github.com/nalexn/ViewInspector.git";
			requirement = {
				kind = upToNextMajorVersion;
				minimumVersion = 0.7.5;
			};
		};
/* End XCRemoteSwiftPackageReference section */

/* Begin XCSwiftPackageProductDependency section */
		607200FA26492E2E00EF125B /* EnvironmentOverrides */ = {
			isa = XCSwiftPackageProductDependency;
			package = 607200F926492E2E00EF125B /* XCRemoteSwiftPackageReference "EnvironmentOverrides" */;
			productName = EnvironmentOverrides;
		};
		6072010026492E7700EF125B /* ViewInspector */ = {
			isa = XCSwiftPackageProductDependency;
			package = 607200FF26492E7700EF125B /* XCRemoteSwiftPackageReference "ViewInspector" */;
			productName = ViewInspector;
		};
/* End XCSwiftPackageProductDependency section */

/* Begin XCVersionGroup section */
		6072009B2648FD6400EF125B /* MVVMForCountry.xcdatamodeld */ = {
			isa = XCVersionGroup;
			children = (
				6072009C2648FD6400EF125B /* MVVMForCountry.xcdatamodel */,
			);
			currentVersion = 6072009C2648FD6400EF125B /* MVVMForCountry.xcdatamodel */;
			path = MVVMForCountry.xcdatamodeld;
			sourceTree = "<group>";
			versionGroupType = wrapper.xcdatamodel;
		};
/* End XCVersionGroup section */
	};
	rootObject = 6072008A2648FD6300EF125B /* Project object */;
}
